
Microsoft Visual Studio Solution File, Format Version 12.00
# Visual Studio Version 16
VisualStudioVersion = 25.0.1706.7
MinimumVisualStudioVersion = 10.0.40219.1
Project("{FAE04EC0-301F-11D3-BF4B-00C04F79EFBC}") = "searchTypes", "searchTypes\searchTypes.csproj", "{7EAE76D5-A512-4CA0-AD4E-65883432F3C2}"
EndProject
Global
	GlobalSection(SolutionConfigurationPlatforms) = preSolution
		Debug|Any CPU = Debug|Any CPU
		Release|Any CPU = Release|Any CPU
	EndGlobalSection
	GlobalSection(ProjectConfigurationPlatforms) = postSolution
		{7EAE76D5-A512-4CA0-AD4E-65883432F3C2}.Debug|Any CPU.ActiveCfg = Debug|Any CPU
		{7EAE76D5-A512-4CA0-AD4E-65883432F3C2}.Debug|Any CPU.Build.0 = Debug|Any CPU
		{7EAE76D5-A512-4CA0-AD4E-65883432F3C2}.Release|Any CPU.ActiveCfg = Release|Any CPU
		{7EAE76D5-A512-4CA0-AD4E-65883432F3C2}.Release|Any CPU.Build.0 = Release|Any CPU
	EndGlobalSection
	GlobalSection(SolutionProperties) = preSolution
		HideSolutionNode = FALSE
	EndGlobalSection
	GlobalSection(ExtensibilityGlobals) = postSolution
		SolutionGuid = {B490411B-EFC0-4468-9209-FC1C9F18803B}
	EndGlobalSection
EndGlobal
